Microsoft Visual Studio Solution File, Format Version 12.00
# Visual Studio Version 17
VisualStudioVersion = 17.13.35716.79
MinimumVisualStudioVersion = 10.0.40219.1
Project("{FAE04EC0-301F-11D3-BF4B-00C04F79EFBC}") = "ChatAppDemo", "ChatAppDemo\ChatAppDemo.csproj", "{2AC42A48-5ECA-02A9-F573-0DC8B0DDA601}"
EndProject
Global
	GlobalSection(SolutionConfigurationPlatforms) = preSolution
		Debug|Any CPU = Debug|Any CPU
		Release|Any CPU = Release|Any CPU
	EndGlobalSection
	GlobalSection(ProjectConfigurationPlatforms) = postSolution
		{2AC42A48-5ECA-02A9-F573-0DC8B0DDA601}.Debug|Any CPU.ActiveCfg = Debug|Any CPU
		{2AC42A48-5ECA-02A9-F573-0DC8B0DDA601}.Debug|Any CPU.Build.0 = Debug|Any CPU
		{2AC42A48-5ECA-02A9-F573-0DC8B0DDA601}.Release|Any CPU.ActiveCfg = Release|Any CPU
		{2AC42A48-5ECA-02A9-F573-0DC8B0DDA601}.Release|Any CPU.Build.0 = Release|Any CPU
	EndGlobalSection
	GlobalSection(SolutionProperties) = preSolution
		HideSolutionNode = FALSE
	EndGlobalSection
	GlobalSection(ExtensibilityGlobals) = postSolution
		SolutionGuid = {3814F10E-F7FB-4BCE-8C7F-F76AF555BFC8}
	EndGlobalSection
EndGlobal
